
Microsoft Visual Studio Solution File, Format Version 12.00
# Visual Studio Version 17
VisualStudioVersion = 17.14.36717.8 d17.14
MinimumVisualStudioVersion = 10.0.40219.1
Project("{FAE04EC0-301F-11D3-BF4B-00C04F79EFBC}") = "synth_test", "synth_test\synth_test.csproj", "{0EF355A2-DC54-49F4-B188-2202C5D051AB}"
EndProject
Global
	GlobalSection(SolutionConfigurationPlatforms) = preSolution
		Debug|Any CPU = Debug|Any CPU
		Release|Any CPU = Release|Any CPU
	EndGlobalSection
	GlobalSection(ProjectConfigurationPlatforms) = postSolution
		{0EF355A2-DC54-49F4-B188-2202C5D051AB}.Debug|Any CPU.ActiveCfg = Debug|Any CPU
		{0EF355A2-DC54-49F4-B188-2202C5D051AB}.Debug|Any CPU.Build.0 = Debug|Any CPU
		{0EF355A2-DC54-49F4-B188-2202C5D051AB}.Release|Any CPU.ActiveCfg = Release|Any CPU
		{0EF355A2-DC54-49F4-B188-2202C5D051AB}.Release|Any CPU.Build.0 = Release|Any CPU
	EndGlobalSection
	GlobalSection(SolutionProperties) = preSolution
		HideSolutionNode = FALSE
	EndGlobalSection
	GlobalSection(ExtensibilityGlobals) = postSolution
		SolutionGuid = {C312E957-94DE-4E43-B84B-39C8D5D595BD}
	EndGlobalSection
EndGlobal
